{
  "name": "odetofood",
  "version": "1.0.0",
  "lockfileVersion": 1,
  "requires": true,
  "dependencies": {
    "bootstrap": {
      "version": "3.3.7",
      "resolved": "https://registry.npmjs.org/bootstrap/-/bootstrap-3.3.7.tgz",
      "integrity": "sha1-WjiTlFSfIzMIdaOxUGVldPip63E="
    },
    "datatables.net": {
      "version": "1.10.19",
      "resolved": "https://registry.npmjs.org/datatables.net/-/datatables.net-1.10.19.tgz",
      "integrity": "sha512-+ljXcI6Pj3PTGy5pesp3E5Dr3x3AV45EZe0o1r0gKENN2gafBKXodVnk2ypKwl2tTmivjxbkiqoWnipTefyBTA==",
      "requires": {
        "jquery": "3.3.1"
      }
    },
    "datatables.net-bs": {
      "version": "1.10.19",
      "resolved": "https://registry.npmjs.org/datatables.net-bs/-/datatables.net-bs-1.10.19.tgz",
      "integrity": "sha512-5gxoI2n+duZP06+4xVC2TtH6zcY369/TRKTZ1DdSgDcDUl4OYQsrXCuaLJmbVzna/5Y5lrMmK7CxgvYgIynICA==",
      "requires": {
        "datatables.net": "1.10.19",
        "jquery": "3.3.1"
      }
    },
    "jquery": {
      "version": "3.3.1",
      "resolved": "https://registry.npmjs.org/jquery/-/jquery-3.3.1.tgz",
      "integrity": "sha512-Ubldcmxp5np52/ENotGxlLe6aGMvmF4R8S6tZjsP6Knsaxd/xp3Zrh50cG93lR6nPXyUFwzN3ZSOQI0wRJNdGg=="
    },
    "jquery-validation": {
      "version": "1.19.0",
      "resolved": "https://registry.npmjs.org/jquery-validation/-/jquery-validation-1.19.0.tgz",
      "integrity": "sha512-i1ygcs9K9eI0jqQ8fiOZdT0Ofw941YII1zyPQDUkBS8t2G8SoSWz8UUEVT6gV1KvsaBbovtL8YxjLALACR0syQ==",
      "requires": {
        "jquery": "3.3.1"
      }
    },
    "jquery-validation-unobtrusive": {
      "version": "3.2.11",
      "resolved": "https://registry.npmjs.org/jquery-validation-unobtrusive/-/jquery-validation-unobtrusive-3.2.11.tgz",
      "integrity": "sha512-3FQPllaWdD+Aq55zJLGSW39+eXPDz1HhwAvrSwYi8zHQ8DVcu5IJ1HVeTiCl0BnCnrIBvfFU3zEB/DrGdcoRIQ==",
      "requires": {
        "jquery": "3.3.1",
        "jquery-validation": "1.19.0"
      }
    }
  }
}
